
Microsoft Visual Studio Solution File, Format Version 12.00
Project("{FAE04EC0-301F-11D3-BF4B-00C04F79EFBC}") = "UOM.CoursePlanner.Validator", "UOM.CoursePlanner.Validator\UOM.CoursePlanner.Validator.csproj", "{EE95281B-1982-40C1-9193-67A3532766E0}"
EndProject
Project("{FAE04EC0-301F-11D3-BF4B-00C04F79EFBC}") = "UOM.CoursePlanner.Validator.Tests", "UOM.CoursePlanner.Validator.Tests\UOM.CoursePlanner.Validator.Tests.csproj", "{9E0B12CF-E54D-4749-BD90-44D6FBFAA16F}"
EndProject
Project("{FAE04EC0-301F-11D3-BF4B-00C04F79EFBC}") = "UOM.CoursePlanner.Console", "UOM.CoursePlanner.Console\UOM.CoursePlanner.Console.csproj", "{364724FF-4FB2-433C-B94E-A9E39D16C827}"
EndProject
Global
	GlobalSection(SolutionConfigurationPlatforms) = preSolution
		Debug|Any CPU = Debug|Any CPU
		Release|Any CPU = Release|Any CPU
	EndGlobalSection
	GlobalSection(ProjectConfigurationPlatforms) = postSolution
		{EE95281B-1982-40C1-9193-67A3532766E0}.Debug|Any CPU.ActiveCfg = Debug|Any CPU
		{EE95281B-1982-40C1-9193-67A3532766E0}.Debug|Any CPU.Build.0 = Debug|Any CPU
		{EE95281B-1982-40C1-9193-67A3532766E0}.Release|Any CPU.ActiveCfg = Release|Any CPU
		{EE95281B-1982-40C1-9193-67A3532766E0}.Release|Any CPU.Build.0 = Release|Any CPU
		{9E0B12CF-E54D-4749-BD90-44D6FBFAA16F}.Debug|Any CPU.ActiveCfg = Debug|Any CPU
		{9E0B12CF-E54D-4749-BD90-44D6FBFAA16F}.Debug|Any CPU.Build.0 = Debug|Any CPU
		{9E0B12CF-E54D-4749-BD90-44D6FBFAA16F}.Release|Any CPU.ActiveCfg = Release|Any CPU
		{9E0B12CF-E54D-4749-BD90-44D6FBFAA16F}.Release|Any CPU.Build.0 = Release|Any CPU
		{364724FF-4FB2-433C-B94E-A9E39D16C827}.Debug|Any CPU.ActiveCfg = Debug|Any CPU
		{364724FF-4FB2-433C-B94E-A9E39D16C827}.Debug|Any CPU.Build.0 = Debug|Any CPU
		{364724FF-4FB2-433C-B94E-A9E39D16C827}.Release|Any CPU.ActiveCfg = Release|Any CPU
		{364724FF-4FB2-433C-B94E-A9E39D16C827}.Release|Any CPU.Build.0 = Release|Any CPU
	EndGlobalSection
EndGlobal
